
Microsoft Visual Studio Solution File, Format Version 12.00
# Visual Studio Version 17
VisualStudioVersion = 17.1.32407.343
MinimumVisualStudioVersion = 10.0.40219.1
Project("{FAE04EC0-301F-11D3-BF4B-00C04F79EFBC}") = "Radar.Api", "Radar.Api\Radar.Api.csproj", "{FD590E0C-2C3A-4A92-BF4D-E305739ADBDB}"
EndProject
Project("{FAE04EC0-301F-11D3-BF4B-00C04F79EFBC}") = "Radar.Domain", "Radar.Domain\Radar.Domain.csproj", "{BF86788E-52D5-4FD6-9ED5-F5B9EBE5213B}"
EndProject
Global
	GlobalSection(SolutionConfigurationPlatforms) = preSolution
		Debug|Any CPU = Debug|Any CPU
		Release|Any CPU = Release|Any CPU
	EndGlobalSection
	GlobalSection(ProjectConfigurationPlatforms) = postSolution
		{FD590E0C-2C3A-4A92-BF4D-E305739ADBDB}.Debug|Any CPU.ActiveCfg = Debug|Any CPU
		{FD590E0C-2C3A-4A92-BF4D-E305739ADBDB}.Debug|Any CPU.Build.0 = Debug|Any CPU
		{FD590E0C-2C3A-4A92-BF4D-E305739ADBDB}.Release|Any CPU.ActiveCfg = Release|Any CPU
		{FD590E0C-2C3A-4A92-BF4D-E305739ADBDB}.Release|Any CPU.Build.0 = Release|Any CPU
		{BF86788E-52D5-4FD6-9ED5-F5B9EBE5213B}.Debug|Any CPU.ActiveCfg = Debug|Any CPU
		{BF86788E-52D5-4FD6-9ED5-F5B9EBE5213B}.Debug|Any CPU.Build.0 = Debug|Any CPU
		{BF86788E-52D5-4FD6-9ED5-F5B9EBE5213B}.Release|Any CPU.ActiveCfg = Release|Any CPU
		{BF86788E-52D5-4FD6-9ED5-F5B9EBE5213B}.Release|Any CPU.Build.0 = Release|Any CPU
	EndGlobalSection
	GlobalSection(SolutionProperties) = preSolution
		HideSolutionNode = FALSE
	EndGlobalSection
	GlobalSection(ExtensibilityGlobals) = postSolution
		SolutionGuid = {B081482E-1F5D-4ED3-8C3A-B8821702B45D}
	EndGlobalSection
EndGlobal
